
Microsoft Visual Studio Solution File, Format Version 12.00
# Visual Studio Version 17
VisualStudioVersion = 17.10.35004.147
MinimumVisualStudioVersion = 10.0.40219.1
Project("{FAE04EC0-301F-11D3-BF4B-00C04F79EFBC}") = "25.06.2024", "25.06.2024\25.06.2024.csproj", "{BEC14397-C5C8-4D9A-9F7C-D91E74877206}"
EndProject
Global
	GlobalSection(SolutionConfigurationPlatforms) = preSolution
		Debug|Any CPU = Debug|Any CPU
		Release|Any CPU = Release|Any CPU
	EndGlobalSection
	GlobalSection(ProjectConfigurationPlatforms) = postSolution
		{BEC14397-C5C8-4D9A-9F7C-D91E74877206}.Debug|Any CPU.ActiveCfg = Debug|Any CPU
		{BEC14397-C5C8-4D9A-9F7C-D91E74877206}.Debug|Any CPU.Build.0 = Debug|Any CPU
		{BEC14397-C5C8-4D9A-9F7C-D91E74877206}.Release|Any CPU.ActiveCfg = Release|Any CPU
		{BEC14397-C5C8-4D9A-9F7C-D91E74877206}.Release|Any CPU.Build.0 = Release|Any CPU
	EndGlobalSection
	GlobalSection(SolutionProperties) = preSolution
		HideSolutionNode = FALSE
	EndGlobalSection
	GlobalSection(ExtensibilityGlobals) = postSolution
		SolutionGuid = {7123C062-A64C-4944-B4ED-631B0D6A53A7}
	EndGlobalSection
EndGlobal
